version = 1
revision = 3
requires-python = ">=3.13"

[[package]]
name = "lefthook"
version = "2.0.2"
source = { registry = "https://pypi.org/simple" }
sdist = { url = "https://files.pythonhosted.org/packages/38/c5/1a7c2bc4528d553f2e6fd66af6e79c9b25fb812d308494f1a54477a39132/lefthook-2.0.2.tar.gz", hash = "sha256:af6c2d057bac162aa3e5c0340f71a40bf10d0a54ff414536be2e2f83477865b2", size = 54460598, upload-time = "2025-10-29T07:44:24.358Z" }
wheels = [
    { url = "https://files.pythonhosted.org/packages/1d/8e/c3041e8d3ab48079686919a5e656b36180c2afab7ac4e3689386e178837c/lefthook-2.0.2-py3-none-any.whl", hash = "sha256:11744a9fa58e43f12e8d882e7ffa8074101ce504d57e68090297760b25d5b275", size = 54717709, upload-time = "2025-10-29T07:44:21.337Z" },
]

[[package]]
name = "uno-pomdp"
version = "0.1.0"
source = { virtual = "." }
dependencies = [
    { name = "lefthook" },
]

[package.metadata]
requires-dist = [{ name = "lefthook", specifier = ">=2.0.2" }]
